
Microsoft Visual Studio Solution File, Format Version 12.00
# Visual Studio Version 17
VisualStudioVersion = 17.2.32630.192
MinimumVisualStudioVersion = 10.0.40219.1
Project("{FAE04EC0-301F-11D3-BF4B-00C04F79EFBC}") = "SnakeAndLaddersLibrary", "SnakeAndLaddersLibrary\SnakeAndLaddersLibrary.csproj", "{D32E7628-58B7-41D8-B693-FD1FA75D33F8}"
EndProject
Project("{FAE04EC0-301F-11D3-BF4B-00C04F79EFBC}") = "SnakeAndLaddersConsoleApp", "SnakeAndLaddersConsoleApp\SnakeAndLaddersConsoleApp.csproj", "{2DEB73A6-93AE-4C8F-8EE9-FA32BA040233}"
EndProject
Project("{FAE04EC0-301F-11D3-BF4B-00C04F79EFBC}") = "SnakeAndLaddersTest", "SnakeAndLaddersUnitTest\SnakeAndLaddersTest.csproj", "{5C631885-52E7-4E23-AA21-51769BDF1AB9}"
EndProject
Global
	GlobalSection(SolutionConfigurationPlatforms) = preSolution
		Debug|Any CPU = Debug|Any CPU
		Release|Any CPU = Release|Any CPU
	EndGlobalSection
	GlobalSection(ProjectConfigurationPlatforms) = postSolution
		{D32E7628-58B7-41D8-B693-FD1FA75D33F8}.Debug|Any CPU.ActiveCfg = Debug|Any CPU
		{D32E7628-58B7-41D8-B693-FD1FA75D33F8}.Debug|Any CPU.Build.0 = Debug|Any CPU
		{D32E7628-58B7-41D8-B693-FD1FA75D33F8}.Release|Any CPU.ActiveCfg = Release|Any CPU
		{D32E7628-58B7-41D8-B693-FD1FA75D33F8}.Release|Any CPU.Build.0 = Release|Any CPU
		{2DEB73A6-93AE-4C8F-8EE9-FA32BA040233}.Debug|Any CPU.ActiveCfg = Debug|Any CPU
		{2DEB73A6-93AE-4C8F-8EE9-FA32BA040233}.Debug|Any CPU.Build.0 = Debug|Any CPU
		{2DEB73A6-93AE-4C8F-8EE9-FA32BA040233}.Release|Any CPU.ActiveCfg = Release|Any CPU
		{2DEB73A6-93AE-4C8F-8EE9-FA32BA040233}.Release|Any CPU.Build.0 = Release|Any CPU
		{5C631885-52E7-4E23-AA21-51769BDF1AB9}.Debug|Any CPU.ActiveCfg = Debug|Any CPU
		{5C631885-52E7-4E23-AA21-51769BDF1AB9}.Debug|Any CPU.Build.0 = Debug|Any CPU
		{5C631885-52E7-4E23-AA21-51769BDF1AB9}.Release|Any CPU.ActiveCfg = Release|Any CPU
		{5C631885-52E7-4E23-AA21-51769BDF1AB9}.Release|Any CPU.Build.0 = Release|Any CPU
	EndGlobalSection
	GlobalSection(SolutionProperties) = preSolution
		HideSolutionNode = FALSE
	EndGlobalSection
	GlobalSection(ExtensibilityGlobals) = postSolution
		SolutionGuid = {754BE542-DB6A-4FC6-A3AB-0B7EC4F54463}
	EndGlobalSection
EndGlobal
